
Microsoft Visual Studio Solution File, Format Version 12.00
# Visual Studio 15
VisualStudioVersion = 15.0.26730.16
MinimumVisualStudioVersion = 10.0.40219.1
Project("{FAE04EC0-301F-11D3-BF4B-00C04F79EFBC}") = "MultiselectControlDemo", "MultiselectControlDemo\MultiselectControlDemo.csproj", "{D4B5C72F-C776-451A-B522-E03FE2CD0782}"
EndProject
Global
	GlobalSection(SolutionConfigurationPlatforms) = preSolution
		Debug|Any CPU = Debug|Any CPU
		Release|Any CPU = Release|Any CPU
	EndGlobalSection
	GlobalSection(ProjectConfigurationPlatforms) = postSolution
		{D4B5C72F-C776-451A-B522-E03FE2CD0782}.Debug|Any CPU.ActiveCfg = Debug|Any CPU
		{D4B5C72F-C776-451A-B522-E03FE2CD0782}.Debug|Any CPU.Build.0 = Debug|Any CPU
		{D4B5C72F-C776-451A-B522-E03FE2CD0782}.Release|Any CPU.ActiveCfg = Release|Any CPU
		{D4B5C72F-C776-451A-B522-E03FE2CD0782}.Release|Any CPU.Build.0 = Release|Any CPU
	EndGlobalSection
	GlobalSection(SolutionProperties) = preSolution
		HideSolutionNode = FALSE
	EndGlobalSection
	GlobalSection(ExtensibilityGlobals) = postSolution
		SolutionGuid = {DC912201-E0FB-4925-AF87-C172D24076D3}
	EndGlobalSection
EndGlobal
